// !$*UTF8*$!
{
	archiveVersion = 1;
	classes = {
	};
	objectVersion = 50;
	objects = {

/* Begin PBXBuildFile section */
		49CD046F292368B90026307A /* datePage.swift in Sources */ = {isa = PBXBuildFile; fileRef = 49CD046E292368B80026307A /* datePage.swift */; };
		49CD04722923A1600026307A /* namePage.swift in Sources */ = {isa = PBXBuildFile; fileRef = 49CD04712923A15F0026307A /* namePage.swift */; };
		554DE9A72924CFF700395E0D /* fbPage.swift in Sources */ = {isa = PBXBuildFile; fileRef = 554DE9A62924CFF700395E0D /* fbPage.swift */; };
		BA4EFA4628F7A53C004A283B /* hw3App.swift in Sources */ = {isa = PBXBuildFile; fileRef = BA4EFA4528F7A53C004A283B /* hw3App.swift */; };
		BA4EFA4828F7A53C004A283B /* ContentView.swift in Sources */ = {isa = PBXBuildFile; fileRef = BA4EFA4728F7A53C004A283B /* ContentView.swift */; };
		BA4EFA4A28F7A53F004A283B /* Assets.xcassets in Resources */ = {isa = PBXBuildFile; fileRef = BA4EFA4928F7A53F004A283B /* Assets.xcassets */; };
		BA4EFA4D28F7A53F004A283B /* Preview Assets.xcassets in Resources */ = {isa = PBXBuildFile; fileRef = BA4EFA4C28F7A53F004A283B /* Preview Assets.xcassets */; };
		BA92F3092922AA3000E4928C /* welcomePage.swift in Sources */ = {isa = PBXBuildFile; fileRef = BA92F3082922AA3000E4928C /* welcomePage.swift */; };
		BA92F30C2922ACC800E4928C /* gamePage.swift in Sources */ = {isa = PBXBuildFile; fileRef = BA92F30B2922ACC800E4928C /* gamePage.swift */; };
/* End PBXBuildFile section */

/* Begin PBXFileReference section */
		49CD046E292368B80026307A /* datePage.swift */ = {isa = PBXFileReference; lastKnownFileType = sourcecode.swift; path = datePage.swift; sourceTree = "<group>"; };
		49CD04712923A15F0026307A /* namePage.swift */ = {isa = PBXFileReference; lastKnownFileType = sourcecode.swift; path = namePage.swift; sourceTree = "<group>"; };
		554DE9A62924CFF700395E0D /* fbPage.swift */ = {isa = PBXFileReference; lastKnownFileType = sourcecode.swift; path = fbPage.swift; sourceTree = "<group>"; };
		BA4EFA4228F7A53C004A283B /* hw3.app */ = {isa = PBXFileReference; explicitFileType = wrapper.application; includeInIndex = 0; path = hw3.app; sourceTree = BUILT_PRODUCTS_DIR; };
		BA4EFA4528F7A53C004A283B /* hw3App.swift */ = {isa = PBXFileReference; lastKnownFileType = sourcecode.swift; path = hw3App.swift; sourceTree = "<group>"; };
		BA4EFA4728F7A53C004A283B /* ContentView.swift */ = {isa = PBXFileReference; lastKnownFileType = sourcecode.swift; path = ContentView.swift; sourceTree = "<group>"; };
		BA4EFA4928F7A53F004A283B /* Assets.xcassets */ = {isa = PBXFileReference; lastKnownFileType = folder.assetcatalog; path = Assets.xcassets; sourceTree = "<group>"; };
		BA4EFA4C28F7A53F004A283B /* Preview Assets.xcassets */ = {isa = PBXFileReference; lastKnownFileType = folder.assetcatalog; path = "Preview Assets.xcassets"; sourceTree = "<group>"; };
		BA4EFA4E28F7A53F004A283B /* Info.plist */ = {isa = PBXFileReference; lastKnownFileType = text.plist.xml; path = Info.plist; sourceTree = "<group>"; };
		BA92F3082922AA3000E4928C /* welcomePage.swift */ = {isa = PBXFileReference; lastKnownFileType = sourcecode.swift; path = welcomePage.swift; sourceTree = "<group>"; };
		BA92F30B2922ACC800E4928C /* gamePage.swift */ = {isa = PBXFileReference; lastKnownFileType = sourcecode.swift; path = gamePage.swift; sourceTree = "<group>"; };
/* End PBXFileReference section */

/* Begin PBXFrameworksBuildPhase section */
		BA4EFA3F28F7A53C004A283B /* Frameworks */ = {
			isa = PBXFrameworksBuildPhase;
			buildActionMask = 2147483647;
			files = (
			);
			runOnlyForDeploymentPostprocessing = 0;
		};
/* End PBXFrameworksBuildPhase section */

/* Begin PBXGroup section */
		BA4EFA3928F7A53C004A283B = {
			isa = PBXGroup;
			children = (
				BA4EFA4428F7A53C004A283B /* hw3 */,
				BA4EFA4328F7A53C004A283B /* Products */,
			);
			sourceTree = "<group>";
		};
		BA4EFA4328F7A53C004A283B /* Products */ = {
			isa = PBXGroup;
			children = (
				BA4EFA4228F7A53C004A283B /* hw3.app */,
			);
			name = Products;
			sourceTree = "<group>";
		};
		BA4EFA4428F7A53C004A283B /* hw3 */ = {
			isa = PBXGroup;
			children = (
				BA4EFA4528F7A53C004A283B /* hw3App.swift */,
				BA4EFA4728F7A53C004A283B /* ContentView.swift */,
				49CD046E292368B80026307A /* datePage.swift */,
				BA92F30B2922ACC800E4928C /* gamePage.swift */,
				BA92F3082922AA3000E4928C /* welcomePage.swift */,
				554DE9A62924CFF700395E0D /* fbPage.swift */,
				49CD04712923A15F0026307A /* namePage.swift */,
				BA4EFA4928F7A53F004A283B /* Assets.xcassets */,
				BA4EFA4E28F7A53F004A283B /* Info.plist */,
				BA4EFA4B28F7A53F004A283B /* Preview Content */,
			);
			path = hw3;
			sourceTree = "<group>";
		};
		BA4EFA4B28F7A53F004A283B /* Preview Content */ = {
			isa = PBXGroup;
			children = (
				BA4EFA4C28F7A53F004A283B /* Preview Assets.xcassets */,
			);
			path = "Preview Content";
			sourceTree = "<group>";
		};
/* End PBXGroup section */

/* Begin PBXNativeTarget section */
		BA4EFA4128F7A53C004A283B /* hw3 */ = {
			isa = PBXNativeTarget;
			buildConfigurationList = BA4EFA5128F7A53F004A283B /* Build configuration list for PBXNativeTarget "hw3" */;
			buildPhases = (
				BA4EFA3E28F7A53C004A283B /* Sources */,
				BA4EFA3F28F7A53C004A283B /* Frameworks */,
				BA4EFA4028F7A53C004A283B /* Resources */,
			);
			buildRules = (
			);
			dependencies = (
			);
			name = hw3;
			productName = hw3;
			productReference = BA4EFA4228F7A53C004A283B /* hw3.app */;
			productType = "com.apple.product-type.application";
		};
/* End PBXNativeTarget section */

/* Begin PBXProject section */
		BA4EFA3A28F7A53C004A283B /* Project object */ = {
			isa = PBXProject;
			attributes = {
				LastSwiftUpdateCheck = 1240;
				LastUpgradeCheck = 1240;
				TargetAttributes = {
					BA4EFA4128F7A53C004A283B = {
						CreatedOnToolsVersion = 12.4;
					};
				};
			};
			buildConfigurationList = BA4EFA3D28F7A53C004A283B /* Build configuration list for PBXProject "hw3" */;
			compatibilityVersion = "Xcode 9.3";
			developmentRegion = en;
			hasScannedForEncodings = 0;
			knownRegions = (
				en,
				Base,
			);
			mainGroup = BA4EFA3928F7A53C004A283B;
			productRefGroup = BA4EFA4328F7A53C004A283B /* Products */;
			projectDirPath = "";
			projectRoot = "";
			targets = (
				BA4EFA4128F7A53C004A283B /* hw3 */,
			);
		};
/* End PBXProject section */

/* Begin PBXResourcesBuildPhase section */
		BA4EFA4028F7A53C004A283B /* Resources */ = {
			isa = PBXResourcesBuildPhase;
			buildActionMask = 2147483647;
			files = (
				BA4EFA4D28F7A53F004A283B /* Preview Assets.xcassets in Resources */,
				BA4EFA4A28F7A53F004A283B /* Assets.xcassets in Resources */,
			);
			runOnlyForDeploymentPostprocessing = 0;
		};
/* End PBXResourcesBuildPhase section */

/* Begin PBXSourcesBuildPhase section */
		BA4EFA3E28F7A53C004A283B /* Sources */ = {
			isa = PBXSourcesBuildPhase;
			buildActionMask = 2147483647;
			files = (
				BA92F30C2922ACC800E4928C /* gamePage.swift in Sources */,
				BA4EFA4828F7A53C004A283B /* ContentView.swift in Sources */,
				49CD046F292368B90026307A /* datePage.swift in Sources */,
				BA92F3092922AA3000E4928C /* welcomePage.swift in Sources */,
				BA4EFA4628F7A53C004A283B /* hw3App.swift in Sources */,
				554DE9A72924CFF700395E0D /* fbPage.swift in Sources */,
				49CD04722923A1600026307A /* namePage.swift in Sources */,
			);
			runOnlyForDeploymentPostprocessing = 0;
		};
/* End PBXSourcesBuildPhase section */

/* Begin XCBuildConfiguration section */
		BA4EFA4F28F7A53F004A283B /* Debug */ = {
			isa = XCBuildConfiguration;
			buildSettings = {
				ALWAYS_SEARCH_USER_PATHS = NO;
				CLANG_ANALYZER_NONNULL = YES;
				CLANG_ANALYZER_NUMBER_OBJECT_CONVERSION = YES_AGGRESSIVE;
				CLANG_CXX_LANGUAGE_STANDARD = "gnu++14";
				CLANG_CXX_LIBRARY = "libc++";
				CLANG_ENABLE_MODULES = YES;
				CLANG_ENABLE_OBJC_ARC = YES;
				CLANG_ENABLE_OBJC_WEAK = YES;
				CLANG_WARN_BLOCK_CAPTURE_AUTORELEASING = YES;
				CLANG_WARN_BOOL_CONVERSION = YES;
				CLANG_WARN_COMMA = YES;
				CLANG_WARN_CONSTANT_CONVERSION = YES;
				CLANG_WARN_DEPRECATED_OBJC_IMPLEMENTATIONS = YES;
				CLANG_WARN_DIRECT_OBJC_ISA_USAGE = YES_ERROR;
				CLANG_WARN_DOCUMENTATION_COMMENTS = YES;
				CLANG_WARN_EMPTY_BODY = YES;
				CLANG_WARN_ENUM_CONVERSION = YES;
				CLANG_WARN_INFINITE_RECURSION = YES;
				CLANG_WARN_INT_CONVERSION = YES;
				CLANG_WARN_NON_LITERAL_NULL_CONVERSION = YES;
				CLANG_WARN_OBJC_IMPLICIT_RETAIN_SELF = YES;
				CLANG_WARN_OBJC_LITERAL_CONVERSION = YES;
				CLANG_WARN_OBJC_ROOT_CLASS = YES_ERROR;
				CLANG_WARN_QUOTED_INCLUDE_IN_FRAMEWORK_HEADER = YES;
				CLANG_WARN_RANGE_LOOP_ANALYSIS = YES;
				CLANG_WARN_STRICT_PROTOTYPES = YES;
				CLANG_WARN_SUSPICIOUS_MOVE = YES;
				CLANG_WARN_UNGUARDED_AVAILABILITY = YES_AGGRESSIVE;
				CLANG_WARN_UNREACHABLE_CODE = YES;
				CLANG_WARN__DUPLICATE_METHOD_MATCH = YES;
				COPY_PHASE_STRIP = NO;
				DEBUG_INFORMATION_FORMAT = dwarf;
				ENABLE_STRICT_OBJC_MSGSEND = YES;
				ENABLE_TESTABILITY = YES;
				GCC_C_LANGUAGE_STANDARD = gnu11;
				GCC_DYNAMIC_NO_PIC = NO;
				GCC_NO_COMMON_BLOCKS = YES;
				GCC_OPTIMIZATION_LEVEL = 0;
				GCC_PREPROCESSOR_DEFINITIONS = (
					"DEBUG=1",
					"$(inherited)",
				);
				GCC_WARN_64_TO_32_BIT_CONVERSION = YES;
				GCC_WARN_ABOUT_RETURN_TYPE = YES_ERROR;
				GCC_WARN_UNDECLARED_SELECTOR = YES;
				GCC_WARN_UNINITIALIZED_AUTOS = YES_AGGRESSIVE;
				GCC_WARN_UNUSED_FUNCTION = YES;
				GCC_WARN_UNUSED_VARIABLE = YES;
				IPHONEOS_DEPLOYMENT_TARGET = 14.4;
				MTL_ENABLE_DEBUG_INFO = INCLUDE_SOURCE;
				MTL_FAST_MATH = YES;
				ONLY_ACTIVE_ARCH = YES;
				SDKROOT = iphoneos;
				SWIFT_ACTIVE_COMPILATION_CONDITIONS = DEBUG;
				SWIFT_OPTIMIZATION_LEVEL = "-Onone";
			};
			name = Debug;
		};
		BA4EFA5028F7A53F004A283B /* Release */ = {
			isa = XCBuildConfiguration;
			buildSettings = {
				ALWAYS_SEARCH_USER_PATHS = NO;
				CLANG_ANALYZER_NONNULL = YES;
				CLANG_ANALYZER_NUMBER_OBJECT_CONVERSION = YES_AGGRESSIVE;
				CLANG_CXX_LANGUAGE_STANDARD = "gnu++14";
				CLANG_CXX_LIBRARY = "libc++";
				CLANG_ENABLE_MODULES = YES;
				CLANG_ENABLE_OBJC_ARC = YES;
				CLANG_ENABLE_OBJC_WEAK = YES;
				CLANG_WARN_BLOCK_CAPTURE_AUTORELEASING = YES;
				CLANG_WARN_BOOL_CONVERSION = YES;
				CLANG_WARN_COMMA = YES;
				CLANG_WARN_CONSTANT_CONVERSION = YES;
				CLANG_WARN_DEPRECATED_OBJC_IMPLEMENTATIONS = YES;
				CLANG_WARN_DIRECT_OBJC_ISA_USAGE = YES_ERROR;
				CLANG_WARN_DOCUMENTATION_COMMENTS = YES;
				CLANG_WARN_EMPTY_BODY = YES;
				CLANG_WARN_ENUM_CONVERSION = YES;
				CLANG_WARN_INFINITE_RECURSION = YES;
				CLANG_WARN_INT_CONVERSION = YES;
				CLANG_WARN_NON_LITERAL_NULL_CONVERSION = YES;
				CLANG_WARN_OBJC_IMPLICIT_RETAIN_SELF = YES;
				CLANG_WARN_OBJC_LITERAL_CONVERSION = YES;
				CLANG_WARN_OBJC_ROOT_CLASS = YES_ERROR;
				CLANG_WARN_QUOTED_INCLUDE_IN_FRAMEWORK_HEADER = YES;
				CLANG_WARN_RANGE_LOOP_ANALYSIS = YES;
				CLANG_WARN_STRICT_PROTOTYPES = YES;
				CLANG_WARN_SUSPICIOUS_MOVE = YES;
				CLANG_WARN_UNGUARDED_AVAILABILITY = YES_AGGRESSIVE;
				CLANG_WARN_UNREACHABLE_CODE = YES;
				CLANG_WARN__DUPLICATE_METHOD_MATCH = YES;
				COPY_PHASE_STRIP = NO;
				DEBUG_INFORMATION_FORMAT = "dwarf-with-dsym";
				ENABLE_NS_ASSERTIONS = NO;
				ENABLE_STRICT_OBJC_MSGSEND = YES;
				GCC_C_LANGUAGE_STANDARD = gnu11;
				GCC_NO_COMMON_BLOCKS = YES;
				GCC_WARN_64_TO_32_BIT_CONVERSION = YES;
				GCC_WARN_ABOUT_RETURN_TYPE = YES_ERROR;
				GCC_WARN_UNDECLARED_SELECTOR = YES;
				GCC_WARN_UNINITIALIZED_AUTOS = YES_AGGRESSIVE;
				GCC_WARN_UNUSED_FUNCTION = YES;
				GCC_WARN_UNUSED_VARIABLE = YES;
				IPHONEOS_DEPLOYMENT_TARGET = 14.4;
				MTL_ENABLE_DEBUG_INFO = NO;
				MTL_FAST_MATH = YES;
				SDKROOT = iphoneos;
				SWIFT_COMPILATION_MODE = wholemodule;
				SWIFT_OPTIMIZATION_LEVEL = "-O";
				VALIDATE_PRODUCT = YES;
			};
			name = Release;
		};
		BA4EFA5228F7A53F004A283B /* Debug */ = {
			isa = XCBuildConfiguration;
			buildSettings = {
				ASSETCATALOG_COMPILER_APPICON_NAME = AppIcon;
				ASSETCATALOG_COMPILER_GLOBAL_ACCENT_COLOR_NAME = AccentColor;
				CODE_SIGN_STYLE = Automatic;
				DEVELOPMENT_ASSET_PATHS = "\"hw3/Preview Content\"";
				DEVELOPMENT_TEAM = M2NFRJ9AUG;
				ENABLE_PREVIEWS = YES;
				INFOPLIST_FILE = hw3/Info.plist;
				IPHONEOS_DEPLOYMENT_TARGET = 14.0;
				LD_RUNPATH_SEARCH_PATHS = (
					"$(inherited)",
					"@executable_path/Frameworks",
				);
				PRODUCT_BUNDLE_IDENTIFIER = com.hw3;
				PRODUCT_NAME = "$(TARGET_NAME)";
				SWIFT_VERSION = 5.0;
				TARGETED_DEVICE_FAMILY = "1,2";
			};
			name = Debug;
		};
		BA4EFA5328F7A53F004A283B /* Release */ = {
			isa = XCBuildConfiguration;
			buildSettings = {
				ASSETCATALOG_COMPILER_APPICON_NAME = AppIcon;
				ASSETCATALOG_COMPILER_GLOBAL_ACCENT_COLOR_NAME = AccentColor;
				CODE_SIGN_STYLE = Automatic;
				DEVELOPMENT_ASSET_PATHS = "\"hw3/Preview Content\"";
				DEVELOPMENT_TEAM = M2NFRJ9AUG;
				ENABLE_PREVIEWS = YES;
				INFOPLIST_FILE = hw3/Info.plist;
				IPHONEOS_DEPLOYMENT_TARGET = 14.0;
				LD_RUNPATH_SEARCH_PATHS = (
					"$(inherited)",
					"@executable_path/Frameworks",
				);
				PRODUCT_BUNDLE_IDENTIFIER = com.hw3;
				PRODUCT_NAME = "$(TARGET_NAME)";
				SWIFT_VERSION = 5.0;
				TARGETED_DEVICE_FAMILY = "1,2";
			};
			name = Release;
		};
/* End XCBuildConfiguration section */

/* Begin XCConfigurationList section */
		BA4EFA3D28F7A53C004A283B /* Build configuration list for PBXProject "hw3" */ = {
			isa = XCConfigurationList;
			buildConfigurations = (
				BA4EFA4F28F7A53F004A283B /* Debug */,
				BA4EFA5028F7A53F004A283B /* Release */,
			);
			defaultConfigurationIsVisible = 0;
			defaultConfigurationName = Release;
		};
		BA4EFA5128F7A53F004A283B /* Build configuration list for PBXNativeTarget "hw3" */ = {
			isa = XCConfigurationList;
			buildConfigurations = (
				BA4EFA5228F7A53F004A283B /* Debug */,
				BA4EFA5328F7A53F004A283B /* Release */,
			);
			defaultConfigurationIsVisible = 0;
			defaultConfigurationName = Release;
		};
/* End XCConfigurationList section */
	};
	rootObject = BA4EFA3A28F7A53C004A283B /* Project object */;
}
